PODS:
  - Natrium (5.0)

DEPENDENCIES:
  - Natrium (from `git@github.com:e-sites/Natrium.git`, branch `swift`)

EXTERNAL SOURCES:
  Natrium:
    :branch: swift
    :git: git@github.com:e-sites/Natrium.git

CHECKOUT OPTIONS:
  Natrium:
    :commit: 8331a98d1c161f7ddb585d8c957c880ffd0181d1
    :git: git@github.com:e-sites/Natrium.git

SPEC CHECKSUMS:
  Natrium: 77defd73ebc9052ff992380760d599c1d1fe6a9c

PODFILE CHECKSUM: eb1f9787c2fc1055f0401414d58d534ea6ca6a95

COCOAPODS: 1.3.1
