{
  "object": {
    "pins": [
      {
        "package": "CommandLineKit",
        "repositoryURL": "https://github.com/basvankuijck/CommandLine.git",
        "state": {
          "branch": null,
          "revision": "746901704d889f516681772c14840ebffd0d4fb9",
          "version": "4.1.0"
        }
      },
      {
        "package": "Francium",
        "repositoryURL": "https://github.com/e-sites/Francium.git",
        "state": {
          "branch": null,
          "revision": "b1091bfe9b26a5ffc5dc9bbdb19e9c92786b04ed",
          "version": "1.1.0"
        }
      },
      {
        "package": "XcodeEdit",
        "repositoryURL": "https://github.com/basvankuijck/XcodeEdit.git",
        "state": {
          "branch": null,
          "revision": "070aa6b521625786257adc50e2d16ea3e41af869",
          "version": "3.0.0"
        }
      },
      {
        "package": "Yaml",
        "repositoryURL": "https://github.com/behrang/YamlSwift.git",
        "state": {
          "branch": null,
          "revision": "287f5cab7da0d92eb947b5fd8151b203ae04a9a3",
          "version": "3.4.4"
        }
      }
    ]
  },
  "version": 1
}
