{
  "object": {
    "pins": [
      {
        "package": "CommandLine",
        "repositoryURL": "https://github.com/jatoben/CommandLine.git",
        "state": {
          "branch": null,
          "revision": "73048b666be97d122109276a1b8a69ec407cdb13",
          "version": "3.0.0-pre1"
        }
      },
      {
        "package": "Francium",
        "repositoryURL": "https://github.com/e-sites/Francium.git",
        "state": {
          "branch": null,
          "revision": "11e846f7e35f086496d82359fdd171ff8cdfc6a2",
          "version": "1.0.2"
        }
      },
      {
        "package": "XcodeEdit",
        "repositoryURL": "https://github.com/basvankuijck/XcodeEdit.git",
        "state": {
          "branch": null,
          "revision": "0ec3d26dac86e40261efcd2edc5426ab858c0c7c",
          "version": "1.3.2"
        }
      },
      {
        "package": "Yaml",
        "repositoryURL": "https://github.com/behrang/YamlSwift.git",
        "state": {
          "branch": null,
          "revision": "978901aed4025e36ebf60c040c9000c559d7c3e0",
          "version": "3.4.3"
        }
      }
    ]
  },
  "version": 1
}
