// !$*UTF8*$!
{
	archiveVersion = 1;
	classes = {
	};
	objectVersion = 46;
	objects = {

/* Begin PBXBuildFile section */
		C34738431F9DFE8700088F26 /* file.html in Resources */ = {isa = PBXBuildFile; fileRef = C34738421F9DFE8400088F26 /* file.html */; };
		C34738441F9DFE8700088F26 /* file.html in Resources */ = {isa = PBXBuildFile; fileRef = C34738421F9DFE8400088F26 /* file.html */; };
		DF1ED0971CE3708B00BF8F35 /* AppDelegate.swift in Sources */ = {isa = PBXBuildFile; fileRef = DF1ED0961CE3708B00BF8F35 /* AppDelegate.swift */; };
		DF1ED0991CE3708B00BF8F35 /* ViewController.swift in Sources */ = {isa = PBXBuildFile; fileRef = DF1ED0981CE3708B00BF8F35 /* ViewController.swift */; };
		DF1ED09C1CE3708B00BF8F35 /* Main.storyboard in Resources */ = {isa = PBXBuildFile; fileRef = DF1ED09A1CE3708B00BF8F35 /* Main.storyboard */; };
		DF1ED09E1CE3708B00BF8F35 /* Assets.xcassets in Resources */ = {isa = PBXBuildFile; fileRef = DF1ED09D1CE3708B00BF8F35 /* Assets.xcassets */; };
		DF1ED0A11CE3708B00BF8F35 /* LaunchScreen.storyboard in Resources */ = {isa = PBXBuildFile; fileRef = DF1ED09F1CE3708B00BF8F35 /* LaunchScreen.storyboard */; };
		DF1ED0AE1CE3745800BF8F35 /* Pods_NatriumExampleProject.framework in Embed Frameworks */ = {isa = PBXBuildFile; fileRef = 40DE36F9CFB53C21B9251532 /* Pods_NatriumExampleProject.framework */; settings = {ATTRIBUTES = (CodeSignOnCopy, RemoveHeadersOnCopy, ); }; };
		DF5F55E81D40D7C40010A437 /* ViewController.swift in Sources */ = {isa = PBXBuildFile; fileRef = DF1ED0981CE3708B00BF8F35 /* ViewController.swift */; };
		DF5F55E91D40D7C40010A437 /* AppDelegate.swift in Sources */ = {isa = PBXBuildFile; fileRef = DF1ED0961CE3708B00BF8F35 /* AppDelegate.swift */; };
		DF5F55ED1D40D7C40010A437 /* LaunchScreen.storyboard in Resources */ = {isa = PBXBuildFile; fileRef = DF1ED09F1CE3708B00BF8F35 /* LaunchScreen.storyboard */; };
		DF5F55EE1D40D7C40010A437 /* Assets.xcassets in Resources */ = {isa = PBXBuildFile; fileRef = DF1ED09D1CE3708B00BF8F35 /* Assets.xcassets */; };
		DF5F55EF1D40D7C40010A437 /* Main.storyboard in Resources */ = {isa = PBXBuildFile; fileRef = DF1ED09A1CE3708B00BF8F35 /* Main.storyboard */; };
		DF5F55F41D40D7C40010A437 /* Pods_NatriumExampleProject.framework in Embed Frameworks */ = {isa = PBXBuildFile; fileRef = 40DE36F9CFB53C21B9251532 /* Pods_NatriumExampleProject.framework */; settings = {ATTRIBUTES = (CodeSignOnCopy, RemoveHeadersOnCopy, ); }; };
		E206ED6DA457841FDC270873 /* Pods_NatriumExampleProject.framework in Frameworks */ = {isa = PBXBuildFile; fileRef = 40DE36F9CFB53C21B9251532 /* Pods_NatriumExampleProject.framework */; };
/* End PBXBuildFile section */

/* Begin PBXCopyFilesBuildPhase section */
		DF1ED0AF1CE3745800BF8F35 /* Embed Frameworks */ = {
			isa = PBXCopyFilesBuildPhase;
			buildActionMask = 2147483647;
			dstPath = "";
			dstSubfolderSpec = 10;
			files = (
				DF1ED0AE1CE3745800BF8F35 /* Pods_NatriumExampleProject.framework in Embed Frameworks */,
			);
			name = "Embed Frameworks";
			runOnlyForDeploymentPostprocessing = 0;
		};
		DF5F55F31D40D7C40010A437 /* Embed Frameworks */ = {
			isa = PBXCopyFilesBuildPhase;
			buildActionMask = 2147483647;
			dstPath = "";
			dstSubfolderSpec = 10;
			files = (
				DF5F55F41D40D7C40010A437 /* Pods_NatriumExampleProject.framework in Embed Frameworks */,
			);
			name = "Embed Frameworks";
			runOnlyForDeploymentPostprocessing = 0;
		};
/* End PBXCopyFilesBuildPhase section */

/* Begin PBXFileReference section */
		40DE36F9CFB53C21B9251532 /* Pods_NatriumExampleProject.framework */ = {isa = PBXFileReference; explicitFileType = wrapper.framework; includeInIndex = 0; path = Pods_NatriumExampleProject.framework; sourceTree = BUILT_PRODUCTS_DIR; };
		7B5DD7FB8BB04B57D6F1CF5D /* Pods-NatriumExampleProject.release.xcconfig */ = {isa = PBXFileReference; includeInIndex = 1; lastKnownFileType = text.xcconfig; name = "Pods-NatriumExampleProject.release.xcconfig"; path = "Pods/Target Support Files/Pods-NatriumExampleProject/Pods-NatriumExampleProject.release.xcconfig"; sourceTree = "<group>"; };
		88EDBC0FACE10A17E9220C9D /* Pods-NatriumExampleProject.debug.xcconfig */ = {isa = PBXFileReference; includeInIndex = 1; lastKnownFileType = text.xcconfig; name = "Pods-NatriumExampleProject.debug.xcconfig"; path = "Pods/Target Support Files/Pods-NatriumExampleProject/Pods-NatriumExampleProject.debug.xcconfig"; sourceTree = "<group>"; };
		C34738421F9DFE8400088F26 /* file.html */ = {isa = PBXFileReference; lastKnownFileType = text.html; path = file.html; sourceTree = "<group>"; };
		DF1ED0931CE3708B00BF8F35 /* NatriumExampleProject.app */ = {isa = PBXFileReference; explicitFileType = wrapper.application; includeInIndex = 0; path = NatriumExampleProject.app; sourceTree = BUILT_PRODUCTS_DIR; };
		DF1ED0961CE3708B00BF8F35 /* AppDelegate.swift */ = {isa = PBXFileReference; lastKnownFileType = sourcecode.swift; path = AppDelegate.swift; sourceTree = "<group>"; };
		DF1ED0981CE3708B00BF8F35 /* ViewController.swift */ = {isa = PBXFileReference; lastKnownFileType = sourcecode.swift; path = ViewController.swift; sourceTree = "<group>"; };
		DF1ED09B1CE3708B00BF8F35 /* Base */ = {isa = PBXFileReference; lastKnownFileType = file.storyboard; name = Base; path = Base.lproj/Main.storyboard; sourceTree = "<group>"; };
		DF1ED09D1CE3708B00BF8F35 /* Assets.xcassets */ = {isa = PBXFileReference; lastKnownFileType = folder.assetcatalog; path = Assets.xcassets; sourceTree = "<group>"; };
		DF1ED0A01CE3708B00BF8F35 /* Base */ = {isa = PBXFileReference; lastKnownFileType = file.storyboard; name = Base; path = Base.lproj/LaunchScreen.storyboard; sourceTree = "<group>"; };
		DF1ED0A21CE3708B00BF8F35 /* Info.plist */ = {isa = PBXFileReference; lastKnownFileType = text.plist.xml; path = Info.plist; sourceTree = "<group>"; };
		DF5F55F81D40D7C40010A437 /* NatriumExampleProject2.app */ = {isa = PBXFileReference; explicitFileType = wrapper.application; includeInIndex = 0; path = NatriumExampleProject2.app; sourceTree = BUILT_PRODUCTS_DIR; };
/* End PBXFileReference section */

/* Begin PBXFrameworksBuildPhase section */
		DF1ED0901CE3708B00BF8F35 /* Frameworks */ = {
			isa = PBXFrameworksBuildPhase;
			buildActionMask = 2147483647;
			files = (
				E206ED6DA457841FDC270873 /* Pods_NatriumExampleProject.framework in Frameworks */,
			);
			runOnlyForDeploymentPostprocessing = 0;
		};
		DF5F55EA1D40D7C40010A437 /* Frameworks */ = {
			isa = PBXFrameworksBuildPhase;
			buildActionMask = 2147483647;
			files = (
			);
			runOnlyForDeploymentPostprocessing = 0;
		};
/* End PBXFrameworksBuildPhase section */

/* Begin PBXGroup section */
		C34738411F9DFE8400088F26 /* Files */ = {
			isa = PBXGroup;
			children = (
				C34738421F9DFE8400088F26 /* file.html */,
			);
			path = Files;
			sourceTree = SOURCE_ROOT;
		};
		CCD2BD50ED382AC717BD9BC3 /* Pods */ = {
			isa = PBXGroup;
			children = (
				88EDBC0FACE10A17E9220C9D /* Pods-NatriumExampleProject.debug.xcconfig */,
				7B5DD7FB8BB04B57D6F1CF5D /* Pods-NatriumExampleProject.release.xcconfig */,
			);
			name = Pods;
			sourceTree = "<group>";
		};
		D8A56F69240FC87869C3B101 /* Frameworks */ = {
			isa = PBXGroup;
			children = (
				40DE36F9CFB53C21B9251532 /* Pods_NatriumExampleProject.framework */,
			);
			name = Frameworks;
			sourceTree = "<group>";
		};
		DF1ED08A1CE3708B00BF8F35 = {
			isa = PBXGroup;
			children = (
				DF1ED0951CE3708B00BF8F35 /* NatriumExampleProject */,
				DF1ED0941CE3708B00BF8F35 /* Products */,
				CCD2BD50ED382AC717BD9BC3 /* Pods */,
				D8A56F69240FC87869C3B101 /* Frameworks */,
			);
			sourceTree = "<group>";
		};
		DF1ED0941CE3708B00BF8F35 /* Products */ = {
			isa = PBXGroup;
			children = (
				DF1ED0931CE3708B00BF8F35 /* NatriumExampleProject.app */,
				DF5F55F81D40D7C40010A437 /* NatriumExampleProject2.app */,
			);
			name = Products;
			sourceTree = "<group>";
		};
		DF1ED0951CE3708B00BF8F35 /* NatriumExampleProject */ = {
			isa = PBXGroup;
			children = (
				C34738411F9DFE8400088F26 /* Files */,
				DF1ED0961CE3708B00BF8F35 /* AppDelegate.swift */,
				DF1ED0981CE3708B00BF8F35 /* ViewController.swift */,
				DF1ED09A1CE3708B00BF8F35 /* Main.storyboard */,
				DF1ED09D1CE3708B00BF8F35 /* Assets.xcassets */,
				DF1ED09F1CE3708B00BF8F35 /* LaunchScreen.storyboard */,
				DF1ED0A21CE3708B00BF8F35 /* Info.plist */,
			);
			path = NatriumExampleProject;
			sourceTree = "<group>";
		};
/* End PBXGroup section */

/* Begin PBXNativeTarget section */
		DF1ED0921CE3708B00BF8F35 /* NatriumExampleProject */ = {
			isa = PBXNativeTarget;
			buildConfigurationList = DF1ED0A51CE3708B00BF8F35 /* Build configuration list for PBXNativeTarget "NatriumExampleProject" */;
			buildPhases = (
				8565BDAA3213E26C54B6B883 /* [CP] Check Pods Manifest.lock */,
				DF1ED08F1CE3708B00BF8F35 /* Sources */,
				DF1ED0901CE3708B00BF8F35 /* Frameworks */,
				DF1ED0911CE3708B00BF8F35 /* Resources */,
				E49D397A2B920DDE53191EB1 /* [CP] Embed Pods Frameworks */,
				1C1A90E71A370E11606697FA /* [CP] Copy Pods Resources */,
				DF1ED0AF1CE3745800BF8F35 /* Embed Frameworks */,
			);
			buildRules = (
			);
			dependencies = (
			);
			name = NatriumExampleProject;
			productName = NatriumExampleProject;
			productReference = DF1ED0931CE3708B00BF8F35 /* NatriumExampleProject.app */;
			productType = "com.apple.product-type.application";
		};
		DF5F55E41D40D7C40010A437 /* NatriumExampleProject2 */ = {
			isa = PBXNativeTarget;
			buildConfigurationList = DF5F55F51D40D7C40010A437 /* Build configuration list for PBXNativeTarget "NatriumExampleProject2" */;
			buildPhases = (
				DF5F55E71D40D7C40010A437 /* Sources */,
				DF5F55EA1D40D7C40010A437 /* Frameworks */,
				DF5F55EC1D40D7C40010A437 /* Resources */,
				DF5F55F31D40D7C40010A437 /* Embed Frameworks */,
			);
			buildRules = (
			);
			dependencies = (
			);
			name = NatriumExampleProject2;
			productName = NatriumExampleProject;
			productReference = DF5F55F81D40D7C40010A437 /* NatriumExampleProject2.app */;
			productType = "com.apple.product-type.application";
		};
/* End PBXNativeTarget section */

/* Begin PBXProject section */
		DF1ED08B1CE3708B00BF8F35 /* Project object */ = {
			isa = PBXProject;
			attributes = {
				LastSwiftUpdateCheck = 0730;
				LastUpgradeCheck = 0900;
				ORGANIZATIONNAME = "E-sites";
				TargetAttributes = {
					DF1ED0921CE3708B00BF8F35 = {
						CreatedOnToolsVersion = 7.3.1;
						LastSwiftMigration = 0820;
					};
				};
			};
			buildConfigurationList = DF1ED08E1CE3708B00BF8F35 /* Build configuration list for PBXProject "NatriumExampleProject" */;
			compatibilityVersion = "Xcode 3.2";
			developmentRegion = English;
			hasScannedForEncodings = 0;
			knownRegions = (
				en,
				Base,
			);
			mainGroup = DF1ED08A1CE3708B00BF8F35;
			productRefGroup = DF1ED0941CE3708B00BF8F35 /* Products */;
			projectDirPath = "";
			projectRoot = "";
			targets = (
				DF1ED0921CE3708B00BF8F35 /* NatriumExampleProject */,
				DF5F55E41D40D7C40010A437 /* NatriumExampleProject2 */,
			);
		};
/* End PBXProject section */

/* Begin PBXResourcesBuildPhase section */
		DF1ED0911CE3708B00BF8F35 /* Resources */ = {
			isa = PBXResourcesBuildPhase;
			buildActionMask = 2147483647;
			files = (
				C34738431F9DFE8700088F26 /* file.html in Resources */,
				DF1ED0A11CE3708B00BF8F35 /* LaunchScreen.storyboard in Resources */,
				DF1ED09E1CE3708B00BF8F35 /* Assets.xcassets in Resources */,
				DF1ED09C1CE3708B00BF8F35 /* Main.storyboard in Resources */,
			);
			runOnlyForDeploymentPostprocessing = 0;
		};
		DF5F55EC1D40D7C40010A437 /* Resources */ = {
			isa = PBXResourcesBuildPhase;
			buildActionMask = 2147483647;
			files = (
				C34738441F9DFE8700088F26 /* file.html in Resources */,
				DF5F55ED1D40D7C40010A437 /* LaunchScreen.storyboard in Resources */,
				DF5F55EE1D40D7C40010A437 /* Assets.xcassets in Resources */,
				DF5F55EF1D40D7C40010A437 /* Main.storyboard in Resources */,
			);
			runOnlyForDeploymentPostprocessing = 0;
		};
/* End PBXResourcesBuildPhase section */

/* Begin PBXShellScriptBuildPhase section */
		1C1A90E71A370E11606697FA /* [CP] Copy Pods Resources */ = {
			isa = PBXShellScriptBuildPhase;
			buildActionMask = 2147483647;
			files = (
			);
			inputPaths = (
			);
			name = "[CP] Copy Pods Resources";
			outputPaths = (
			);
			runOnlyForDeploymentPostprocessing = 0;
			shellPath = /bin/sh;
			shellScript = "\"${SRCROOT}/Pods/Target Support Files/Pods-NatriumExampleProject/Pods-NatriumExampleProject-resources.sh\"\n";
			showEnvVarsInLog = 0;
		};
		8565BDAA3213E26C54B6B883 /* [CP] Check Pods Manifest.lock */ = {
			isa = PBXShellScriptBuildPhase;
			buildActionMask = 2147483647;
			files = (
			);
			inputPaths = (
				"${PODS_PODFILE_DIR_PATH}/Podfile.lock",
				"${PODS_ROOT}/Manifest.lock",
			);
			name = "[CP] Check Pods Manifest.lock";
			outputPaths = (
				"$(DERIVED_FILE_DIR)/Pods-NatriumExampleProject-checkManifestLockResult.txt",
			);
			runOnlyForDeploymentPostprocessing = 0;
			shellPath = /bin/sh;
			shellScript = "diff \"${PODS_PODFILE_DIR_PATH}/Podfile.lock\" \"${PODS_ROOT}/Manifest.lock\" > /dev/null\nif [ $? != 0 ] ; then\n    # print error to STDERR\n    echo \"error: The sandbox is not in sync with the Podfile.lock. Run 'pod install' or update your CocoaPods installation.\" >&2\n    exit 1\nfi\n# This output is used by Xcode 'outputs' to avoid re-running this script phase.\necho \"SUCCESS\" > \"${SCRIPT_OUTPUT_FILE_0}\"\n";
			showEnvVarsInLog = 0;
		};
		E49D397A2B920DDE53191EB1 /* [CP] Embed Pods Frameworks */ = {
			isa = PBXShellScriptBuildPhase;
			buildActionMask = 2147483647;
			files = (
			);
			inputPaths = (
				"${SRCROOT}/Pods/Target Support Files/Pods-NatriumExampleProject/Pods-NatriumExampleProject-frameworks.sh",
				"${BUILT_PRODUCTS_DIR}/Natrium/Natrium.framework",
			);
			name = "[CP] Embed Pods Frameworks";
			outputPaths = (
				"${TARGET_BUILD_DIR}/${FRAMEWORKS_FOLDER_PATH}/Natrium.framework",
			);
			runOnlyForDeploymentPostprocessing = 0;
			shellPath = /bin/sh;
			shellScript = "\"${SRCROOT}/Pods/Target Support Files/Pods-NatriumExampleProject/Pods-NatriumExampleProject-frameworks.sh\"\n";
			showEnvVarsInLog = 0;
		};
/* End PBXShellScriptBuildPhase section */

/* Begin PBXSourcesBuildPhase section */
		DF1ED08F1CE3708B00BF8F35 /* Sources */ = {
			isa = PBXSourcesBuildPhase;
			buildActionMask = 2147483647;
			files = (
				DF1ED0991CE3708B00BF8F35 /* ViewController.swift in Sources */,
				DF1ED0971CE3708B00BF8F35 /* AppDelegate.swift in Sources */,
			);
			runOnlyForDeploymentPostprocessing = 0;
		};
		DF5F55E71D40D7C40010A437 /* Sources */ = {
			isa = PBXSourcesBuildPhase;
			buildActionMask = 2147483647;
			files = (
				DF5F55E81D40D7C40010A437 /* ViewController.swift in Sources */,
				DF5F55E91D40D7C40010A437 /* AppDelegate.swift in Sources */,
			);
			runOnlyForDeploymentPostprocessing = 0;
		};
/* End PBXSourcesBuildPhase section */

/* Begin PBXVariantGroup section */
		DF1ED09A1CE3708B00BF8F35 /* Main.storyboard */ = {
			isa = PBXVariantGroup;
			children = (
				DF1ED09B1CE3708B00BF8F35 /* Base */,
			);
			name = Main.storyboard;
			sourceTree = "<group>";
		};
		DF1ED09F1CE3708B00BF8F35 /* LaunchScreen.storyboard */ = {
			isa = PBXVariantGroup;
			children = (
				DF1ED0A01CE3708B00BF8F35 /* Base */,
			);
			name = LaunchScreen.storyboard;
			sourceTree = "<group>";
		};
/* End PBXVariantGroup section */

/* Begin XCBuildConfiguration section */
		DF1ED0A31CE3708B00BF8F35 /* Debug */ = {
			isa = XCBuildConfiguration;
			buildSettings = {
				ALWAYS_SEARCH_USER_PATHS = NO;
				CLANG_ANALYZER_NONNULL = YES;
				CLANG_CXX_LANGUAGE_STANDARD = "gnu++0x";
				CLANG_CXX_LIBRARY = "libc++";
				CLANG_ENABLE_MODULES = YES;
				CLANG_ENABLE_OBJC_ARC = YES;
				CLANG_WARN_BLOCK_CAPTURE_AUTORELEASING = YES;
				CLANG_WARN_BOOL_CONVERSION = YES;
				CLANG_WARN_COMMA = YES;
				CLANG_WARN_CONSTANT_CONVERSION = YES;
				CLANG_WARN_DIRECT_OBJC_ISA_USAGE = YES_ERROR;
				CLANG_WARN_EMPTY_BODY = YES;
				CLANG_WARN_ENUM_CONVERSION = YES;
				CLANG_WARN_INFINITE_RECURSION = YES;
				CLANG_WARN_INT_CONVERSION = YES;
				CLANG_WARN_NON_LITERAL_NULL_CONVERSION = YES;
				CLANG_WARN_OBJC_LITERAL_CONVERSION = YES;
				CLANG_WARN_OBJC_ROOT_CLASS = YES_ERROR;
				CLANG_WARN_RANGE_LOOP_ANALYSIS = YES;
				CLANG_WARN_STRICT_PROTOTYPES = YES;
				CLANG_WARN_SUSPICIOUS_MOVE = YES;
				CLANG_WARN_UNREACHABLE_CODE = YES;
				CLANG_WARN__DUPLICATE_METHOD_MATCH = YES;
				"CODE_SIGN_IDENTITY[sdk=iphoneos*]" = "iPhone Developer";
				COPY_PHASE_STRIP = NO;
				DEBUG_INFORMATION_FORMAT = dwarf;
				ENABLE_STRICT_OBJC_MSGSEND = YES;
				ENABLE_TESTABILITY = YES;
				GCC_C_LANGUAGE_STANDARD = gnu99;
				GCC_DYNAMIC_NO_PIC = NO;
				GCC_NO_COMMON_BLOCKS = YES;
				GCC_OPTIMIZATION_LEVEL = 0;
				GCC_PREPROCESSOR_DEFINITIONS = (
					"DEBUG=1",
					"$(inherited)",
				);
				GCC_WARN_64_TO_32_BIT_CONVERSION = YES;
				GCC_WARN_ABOUT_RETURN_TYPE = YES_ERROR;
				GCC_WARN_UNDECLARED_SELECTOR = YES;
				GCC_WARN_UNINITIALIZED_AUTOS = YES_AGGRESSIVE;
				GCC_WARN_UNUSED_FUNCTION = YES;
				GCC_WARN_UNUSED_VARIABLE = YES;
				IPHONEOS_DEPLOYMENT_TARGET = 9.3;
				MTL_ENABLE_DEBUG_INFO = YES;
				ONLY_ACTIVE_ARCH = YES;
				SDKROOT = iphoneos;
				SWIFT_OPTIMIZATION_LEVEL = "-Onone";
			};
			name = Debug;
		};
		DF1ED0A41CE3708B00BF8F35 /* Release */ = {
			isa = XCBuildConfiguration;
			buildSettings = {
				ALWAYS_SEARCH_USER_PATHS = NO;
				CLANG_ANALYZER_NONNULL = YES;
				CLANG_CXX_LANGUAGE_STANDARD = "gnu++0x";
				CLANG_CXX_LIBRARY = "libc++";
				CLANG_ENABLE_MODULES = YES;
				CLANG_ENABLE_OBJC_ARC = YES;
				CLANG_WARN_BLOCK_CAPTURE_AUTORELEASING = YES;
				CLANG_WARN_BOOL_CONVERSION = YES;
				CLANG_WARN_COMMA = YES;
				CLANG_WARN_CONSTANT_CONVERSION = YES;
				CLANG_WARN_DIRECT_OBJC_ISA_USAGE = YES_ERROR;
				CLANG_WARN_EMPTY_BODY = YES;
				CLANG_WARN_ENUM_CONVERSION = YES;
				CLANG_WARN_INFINITE_RECURSION = YES;
				CLANG_WARN_INT_CONVERSION = YES;
				CLANG_WARN_NON_LITERAL_NULL_CONVERSION = YES;
				CLANG_WARN_OBJC_LITERAL_CONVERSION = YES;
				CLANG_WARN_OBJC_ROOT_CLASS = YES_ERROR;
				CLANG_WARN_RANGE_LOOP_ANALYSIS = YES;
				CLANG_WARN_STRICT_PROTOTYPES = YES;
				CLANG_WARN_SUSPICIOUS_MOVE = YES;
				CLANG_WARN_UNREACHABLE_CODE = YES;
				CLANG_WARN__DUPLICATE_METHOD_MATCH = YES;
				"CODE_SIGN_IDENTITY[sdk=iphoneos*]" = "iPhone Developer";
				COPY_PHASE_STRIP = NO;
				DEBUG_INFORMATION_FORMAT = "dwarf-with-dsym";
				ENABLE_NS_ASSERTIONS = NO;
				ENABLE_STRICT_OBJC_MSGSEND = YES;
				GCC_C_LANGUAGE_STANDARD = gnu99;
				GCC_NO_COMMON_BLOCKS = YES;
				GCC_WARN_64_TO_32_BIT_CONVERSION = YES;
				GCC_WARN_ABOUT_RETURN_TYPE = YES_ERROR;
				GCC_WARN_UNDECLARED_SELECTOR = YES;
				GCC_WARN_UNINITIALIZED_AUTOS = YES_AGGRESSIVE;
				GCC_WARN_UNUSED_FUNCTION = YES;
				GCC_WARN_UNUSED_VARIABLE = YES;
				IPHONEOS_DEPLOYMENT_TARGET = 9.3;
				MTL_ENABLE_DEBUG_INFO = NO;
				SDKROOT = iphoneos;
				SWIFT_OPTIMIZATION_LEVEL = "-Owholemodule";
				VALIDATE_PRODUCT = YES;
			};
			name = Release;
		};
		DF1ED0A61CE3708B00BF8F35 /* Debug */ = {
			isa = XCBuildConfiguration;
			baseConfigurationReference = 88EDBC0FACE10A17E9220C9D /* Pods-NatriumExampleProject.debug.xcconfig */;
			buildSettings = {
				ASSETCATALOG_COMPILER_APPICON_NAME = AppIcon;
				INFOPLIST_FILE = NatriumExampleProject/Info.plist;
				LD_RUNPATH_SEARCH_PATHS = "$(inherited) @executable_path/Frameworks";
				PRODUCT_NAME = NatriumExampleProject;
				SWIFT_VERSION = 3.0;
			};
			name = Debug;
		};
		DF1ED0A71CE3708B00BF8F35 /* Release */ = {
			isa = XCBuildConfiguration;
			baseConfigurationReference = 7B5DD7FB8BB04B57D6F1CF5D /* Pods-NatriumExampleProject.release.xcconfig */;
			buildSettings = {
				ASSETCATALOG_COMPILER_APPICON_NAME = AppIcon;
				INFOPLIST_FILE = NatriumExampleProject/Info.plist;
				LD_RUNPATH_SEARCH_PATHS = "$(inherited) @executable_path/Frameworks";
				PRODUCT_NAME = NatriumExampleProject;
				SWIFT_VERSION = 3.0;
			};
			name = Release;
		};
		DF5F55F61D40D7C40010A437 /* Debug */ = {
			isa = XCBuildConfiguration;
			buildSettings = {
				ASSETCATALOG_COMPILER_APPICON_NAME = AppIcon;
				ASSETCATALOG_COMPILER_LAUNCHIMAGE_NAME = "Brand Assets";
				INFOPLIST_FILE = NatriumExampleProject/Info.plist;
				LD_RUNPATH_SEARCH_PATHS = "$(inherited) @executable_path/Frameworks";
				PRODUCT_BUNDLE_IDENTIFIER = com.esites.app.staging;
				PRODUCT_NAME = "$(TARGET_NAME)";
			};
			name = Debug;
		};
		DF5F55F71D40D7C40010A437 /* Release */ = {
			isa = XCBuildConfiguration;
			buildSettings = {
				ASSETCATALOG_COMPILER_APPICON_NAME = AppIcon;
				ASSETCATALOG_COMPILER_LAUNCHIMAGE_NAME = "Brand Assets";
				INFOPLIST_FILE = NatriumExampleProject/Info.plist;
				LD_RUNPATH_SEARCH_PATHS = "$(inherited) @executable_path/Frameworks";
				PRODUCT_BUNDLE_IDENTIFIER = com.esites.app.staging;
				PRODUCT_NAME = "$(TARGET_NAME)";
			};
			name = Release;
		};
/* End XCBuildConfiguration section */

/* Begin XCConfigurationList section */
		DF1ED08E1CE3708B00BF8F35 /* Build configuration list for PBXProject "NatriumExampleProject" */ = {
			isa = XCConfigurationList;
			buildConfigurations = (
				DF1ED0A31CE3708B00BF8F35 /* Debug */,
				DF1ED0A41CE3708B00BF8F35 /* Release */,
			);
			defaultConfigurationIsVisible = 0;
			defaultConfigurationName = Release;
		};
		DF1ED0A51CE3708B00BF8F35 /* Build configuration list for PBXNativeTarget "NatriumExampleProject" */ = {
			isa = XCConfigurationList;
			buildConfigurations = (
				DF1ED0A61CE3708B00BF8F35 /* Debug */,
				DF1ED0A71CE3708B00BF8F35 /* Release */,
			);
			defaultConfigurationIsVisible = 0;
			defaultConfigurationName = Release;
		};
		DF5F55F51D40D7C40010A437 /* Build configuration list for PBXNativeTarget "NatriumExampleProject2" */ = {
			isa = XCConfigurationList;
			buildConfigurations = (
				DF5F55F61D40D7C40010A437 /* Debug */,
				DF5F55F71D40D7C40010A437 /* Release */,
			);
			defaultConfigurationIsVisible = 0;
			defaultConfigurationName = Release;
		};
/* End XCConfigurationList section */
	};
	rootObject = DF1ED08B1CE3708B00BF8F35 /* Project object */;
}
